
Microsoft Visual Studio Solution File, Format Version 12.00
# Visual Studio Version 16
VisualStudioVersion = 16.0.29519.181
MinimumVisualStudioVersion = 10.0.40219.1
Project("{FAE04EC0-301F-11D3-BF4B-00C04F79EFBC}") = "NeuralNetwork2", "NeuralNetwork2.csproj", "{3CA2BC68-8FB7-40EE-BCC2-F5AA9E8C5986}"
EndProject
Global
	GlobalSection(SolutionConfigurationPlatforms) = preSolution
		Debug|Any CPU = Debug|Any CPU
		Release|Any CPU = Release|Any CPU
	EndGlobalSection
	GlobalSection(ProjectConfigurationPlatforms) = postSolution
		{3CA2BC68-8FB7-40EE-BCC2-F5AA9E8C5986}.Debug|Any CPU.ActiveCfg = Debug|Any CPU
		{3CA2BC68-8FB7-40EE-BCC2-F5AA9E8C5986}.Debug|Any CPU.Build.0 = Debug|Any CPU
		{3CA2BC68-8FB7-40EE-BCC2-F5AA9E8C5986}.Release|Any CPU.ActiveCfg = Release|Any CPU
		{3CA2BC68-8FB7-40EE-BCC2-F5AA9E8C5986}.Release|Any CPU.Build.0 = Release|Any CPU
	EndGlobalSection
	GlobalSection(SolutionProperties) = preSolution
		HideSolutionNode = FALSE
	EndGlobalSection
	GlobalSection(ExtensibilityGlobals) = postSolution
		SolutionGuid = {4A6AEFEF-B3BA-4767-8FC3-C5AAA5CA9DFF}
	EndGlobalSection
EndGlobal
